# THIS IS AN AUTOGENERATED FILE. DO NOT EDIT THIS FILE DIRECTLY.
# yarn lockfile v1


"@carbon/icon-helpers@^10.7.0":
  version "10.7.0"
  resolved "https://registry.yarnpkg.com/@carbon/icon-helpers/-/icon-helpers-10.7.0.tgz#7ad56c3f377bfaa687ccca0b0813011606d6cb28"
  integrity sha512-zIswRvP4JyZOq7+4A4/ro7K05xVNid/+HxBOSM1ApuqcXg1e1Vl9fg37+rGY/in9v7vVgsmA8s5Arlx1mJzPIw==

"@carbon/icons-vue@10.10.2":
  version "10.10.2"
  resolved "https://registry.yarnpkg.com/@carbon/icons-vue/-/icons-vue-10.10.2.tgz#fda8fc3f6767e94442728a79cb3d0d2e5cbb5d17"
  integrity sha512-rBA6Jhe9tL8SPu8ULyMKtQwAnyj8o8H9CFJBz7KwQph8xKgJ3rvSJj2k74irhmaMXhIn05cHa5GDpWaQlvJc2A==
  dependencies:
    "@carbon/icon-helpers" "^10.7.0"

"@carbon/icons-vue@^10.11.0":
  version "10.11.0"
  resolved "https://registry.yarnpkg.com/@carbon/icons-vue/-/icons-vue-10.11.0.tgz#251da47f440d00bf743261b11c78f68a138c7bad"
  integrity sha512-Exe2lKno+wGRBPemMmeSiMTybIwER76rPxoxrSq3GN0/TcAb+kpcibXQY3ukg6gGkouwWW5ib5XSFvZ4DBSRBQ==
  dependencies:
    "@carbon/icon-helpers" "^10.7.0"

"@carbon/vue@^2.27.0":
  version "2.27.0"
  resolved "https://registry.yarnpkg.com/@carbon/vue/-/vue-2.27.0.tgz#95e63fdfa0e3110d2f1bccc0f9ff0224426a9d67"
  integrity sha512-hMlDaMHwCVxwHnhYycUi4jKl6EdaLjhQY8hn22hwzgEkwwwB7coCTnVSIGao0QTileMjK5tQj4kk3F7pFFZyhw==
  dependencies:
    "@carbon/icons-vue" "10.10.2"
    carbon-components "10.11.2"
    flatpickr "4.6.3"
    vue "^2.6.11"

carbon-components@10.11.2:
  version "10.11.2"
  resolved "https://registry.yarnpkg.com/carbon-components/-/carbon-components-10.11.2.tgz#c2e6e2168e548010d3033e3c620e3bdc4c1182c7"
  integrity sha512-bclmy7lXH3/GXXh5Udwcup51i+MUDbDle1kUEilRF9e6phkVhn7I+qN7y/xuRfE4PuXsBC7CtMVNEjtnie6Qow==
  dependencies:
    flatpickr "4.6.1"
    lodash.debounce "^4.0.8"
    warning "^3.0.0"

carbon-components@^10.12.0:
  version "10.12.0"
  resolved "https://registry.yarnpkg.com/carbon-components/-/carbon-components-10.12.0.tgz#a27649a5541c45833e0534f5f3b9d871f7cb0bc5"
  integrity sha512-QPP4f6/11Buwtz+3JW/2wQKKL1QY6GZ3WIxfifpK2MyjhO8NW4LrYrLsbcwFr4kYQ6Aph18b8sHY21T61zaYLQ==
  dependencies:
    flatpickr "4.6.1"
    lodash.debounce "^4.0.8"
    warning "^3.0.0"

flatpickr@4.6.1:
  version "4.6.1"
  resolved "https://registry.yarnpkg.com/flatpickr/-/flatpickr-4.6.1.tgz#9eb498ab805dd27f5ae02e1ac6ac6c099ce45e94"
  integrity sha512-3ULSxbXmcMIRzer/2jLNweoqHpwDvsjEawO2FUd9UFR8uPwLM+LruZcPDpuZStcEgbQKhuFOfXo4nYdGladSNw==

flatpickr@4.6.3:
  version "4.6.3"
  resolved "https://registry.yarnpkg.com/flatpickr/-/flatpickr-4.6.3.tgz#15a8b76b6e34e3a072861250503a5995b9d3bc60"
  integrity sha512-007VucCkqNOMMb9ggRLNuJowwaJcyOh4sKAFcdGfahfGc7JQbf94zSzjdBq/wVyHWUEs5o3+idhFZ0wbZMRmVQ==

"js-tokens@^3.0.0 || ^4.0.0":
  version "4.0.0"
  resolved "https://registry.yarnpkg.com/js-tokens/-/js-tokens-4.0.0.tgz#19203fb59991df98e3a287050d4647cdeaf32499"
  integrity sha512-RdJUflcE3cUzKiMqQgsCu06FPu9UdIJO0beYbPhHN4k6apgJtifcoCtT9bcxOpYBtpD2kCM6Sbzg4CausW/PKQ==

lodash.debounce@^4.0.8:
  version "4.0.8"
  resolved "https://registry.yarnpkg.com/lodash.debounce/-/lodash.debounce-4.0.8.tgz#82d79bff30a67c4005ffd5e2515300ad9ca4d7af"
  integrity sha1-gteb/zCmfEAF/9XiUVMArZyk168=

loose-envify@^1.0.0:
  version "1.4.0"
  resolved "https://registry.yarnpkg.com/loose-envify/-/loose-envify-1.4.0.tgz#71ee51fa7be4caec1a63839f7e682d8132d30caf"
  integrity sha512-lyuxPGr/Wfhrlem2CL/UcnUc1zcqKAImBDzukY7Y5F/yQiNdko6+fRLevlw1HgMySw7f611UIY408EtxRSoK3Q==
  dependencies:
    js-tokens "^3.0.0 || ^4.0.0"

vue@^2.6.11:
  version "2.6.11"
  resolved "https://registry.yarnpkg.com/vue/-/vue-2.6.11.tgz#76594d877d4b12234406e84e35275c6d514125c5"
  integrity sha512-VfPwgcGABbGAue9+sfrD4PuwFar7gPb1yl1UK1MwXoQPAw0BKSqWfoYCT/ThFrdEVWoI51dBuyCoiNU9bZDZxQ==

warning@^3.0.0:
  version "3.0.0"
  resolved "https://registry.yarnpkg.com/warning/-/warning-3.0.0.tgz#32e5377cb572de4ab04753bdf8821c01ed605b7c"
  integrity sha1-MuU3fLVy3kqwR1O9+IIcAe1gW3w=
  dependencies:
    loose-envify "^1.0.0"
